{
  "name": "src",
  "lockfileVersion": 3,
  "requires": true,
  "packages": {
    "": {
      "dependencies": {
        "react-heatmap-grid": "^0.9.1"
      }
    },
    "node_modules/react-heatmap-grid": {
      "version": "0.9.1",
      "resolved": "https://registry.npmjs.org/react-heatmap-grid/-/react-heatmap-grid-0.9.1.tgz",
      "integrity": "sha512-rsN2IfFh85cBl4y3cPJrabA60uuS96BKbWeX4BV4pTaKy/qqn8o8dDwd436LBg/EJad2S4Di948XaxpxwsapGw==",
      "license": "MIT"
    }
  }
}
